{
  "name": "oda-api-graphql-dynamodb",
  "version": "1.0.0-19",
  "lockfileVersion": 1,
  "requires": true,
  "dependencies": {
    "oda-api-graphql": {
      "version": "file:../oda-api-graphql",
      "requires": {
        "core-js": "^2.5.3",
        "graphql-anywhere": "^4.1.14",
        "inflected": "^2.0.4",
        "isomorphic-fetch": "^2.2.1",
        "iterall": "^1.2.2",
        "oda-isomorfic": "file:../oda-isomorfic"
      },
      "dependencies": {
        "apollo-utilities": {
          "version": "1.0.21",
          "bundled": true,
          "requires": {
            "fast-json-stable-stringify": "^2.0.0",
            "fclone": "^1.0.11"
          }
        },
        "core-js": {
          "version": "2.5.7",
          "bundled": true
        },
        "encoding": {
          "version": "0.1.12",
          "bundled": true,
          "requires": {
            "iconv-lite": "~0.4.13"
          }
        },
        "fast-json-stable-stringify": {
          "version": "2.0.0",
          "bundled": true
        },
        "fclone": {
          "version": "1.0.11",
          "bundled": true
        },
        "graphql-anywhere": {
          "version": "4.1.19",
          "bundled": true,
          "requires": {
            "apollo-utilities": "^1.0.21"
          }
        },
        "iconv-lite": {
          "version": "0.4.24",
          "bundled": true,
          "requires": {
            "safer-buffer": ">= 2.1.2 < 3"
          }
        },
        "inflected": {
          "version": "2.0.4",
          "bundled": true
        },
        "is-stream": {
          "version": "1.1.0",
          "bundled": true
        },
        "isomorphic-fetch": {
          "version": "2.2.1",
          "bundled": true,
          "requires": {
            "node-fetch": "^1.0.1",
            "whatwg-fetch": ">=0.10.0"
          }
        },
        "iterall": {
          "version": "1.2.2",
          "bundled": true
        },
        "node-fetch": {
          "version": "1.7.3",
          "bundled": true,
          "requires": {
            "encoding": "^0.1.11",
            "is-stream": "^1.0.1"
          }
        },
        "oda-isomorfic": {
          "version": "file:../oda-isomorfic",
          "bundled": true,
          "requires": {
            "md5-hex": "^2.0.0"
          },
          "dependencies": {
            "md5-hex": {
              "version": "2.0.0",
              "bundled": true,
              "requires": {
                "md5-o-matic": "^0.1.1"
              }
            },
            "md5-o-matic": {
              "version": "0.1.1",
              "bundled": true
            },
            "typescript": {
              "version": "3.0.3",
              "bundled": true
            }
          }
        },
        "safer-buffer": {
          "version": "2.1.2",
          "bundled": true
        },
        "typescript": {
          "version": "3.0.3",
          "bundled": true
        },
        "whatwg-fetch": {
          "version": "3.0.0",
          "bundled": true
        }
      }
    },
    "oda-isomorfic": {
      "version": "file:../oda-isomorfic",
      "requires": {
        "md5-hex": "^2.0.0"
      },
      "dependencies": {
        "md5-hex": {
          "version": "2.0.0",
          "bundled": true,
          "requires": {
            "md5-o-matic": "^0.1.1"
          }
        },
        "md5-o-matic": {
          "version": "0.1.1",
          "bundled": true
        },
        "typescript": {
          "version": "3.0.3",
          "bundled": true
        }
      }
    },
    "typescript": {
      "version": "3.0.3",
      "resolved": "https://registry.npmjs.org/typescript/-/typescript-3.0.3.tgz",
      "integrity": "sha512-kk80vLW9iGtjMnIv11qyxLqZm20UklzuR2tL0QAnDIygIUIemcZMxlMWudl9OOt76H3ntVzcTiddQ1/pAAJMYg==",
      "dev": true
    }
  }
}
