{
  "name": "oda-api-graphql-sequelize",
  "version": "0.0.4",
  "lockfileVersion": 1,
  "requires": true,
  "dependencies": {
    "@types/bluebird": {
      "version": "3.5.20",
      "resolved": "https://registry.npmjs.org/@types/bluebird/-/bluebird-3.5.20.tgz",
      "integrity": "sha512-Wk41MVdF+cHBfVXj/ufUHJeO3BlIQr1McbHZANErMykaCWeDSZbH5erGjNBw2/3UlRdSxZbLfSuQTzFmPOYFsA==",
      "dev": true
    },
    "@types/continuation-local-storage": {
      "version": "3.2.1",
      "resolved": "https://registry.npmjs.org/@types/continuation-local-storage/-/continuation-local-storage-3.2.1.tgz",
      "integrity": "sha1-oz4N+dzptCTRyY/E/evYV43O7H4=",
      "dev": true,
      "requires": {
        "@types/node": "8.10.9"
      }
    },
    "@types/graphql": {
      "version": "0.12.4",
      "resolved": "https://registry.npmjs.org/@types/graphql/-/graphql-0.12.4.tgz",
      "integrity": "sha512-zICCZ+LEeqAx/mJ2gmMChlIHiUHhsMfy050DXQ5tSR8+GS4Os0Q0vjK9KT3HVV6bXrV60t02e/3dOmnHUcibYw==",
      "dev": true
    },
    "@types/lodash": {
      "version": "4.14.107",
      "resolved": "https://registry.npmjs.org/@types/lodash/-/lodash-4.14.107.tgz",
      "integrity": "sha512-afvjfP2rl3yvtv2qrCRN23zIQcDinF+munMJCoHEw2BXF22QJogTlVfNPTACQ6ieDyA6VnyKT4WLuN/wK368ng==",
      "dev": true
    },
    "@types/node": {
      "version": "8.10.9",
      "resolved": "https://registry.npmjs.org/@types/node/-/node-8.10.9.tgz",
      "integrity": "sha512-GUUTbeDaJSRaoLkqVQ5jwwKbDiLWFX3JrKLvC078q2P51Z9Dcb5F5UdnApSYqdMk4X0VrKod1gzeoX8bGl8DMg==",
      "dev": true
    },
    "@types/sequelize": {
      "version": "4.27.14",
      "resolved": "https://registry.npmjs.org/@types/sequelize/-/sequelize-4.27.14.tgz",
      "integrity": "sha512-HhVIMkod7zsr8XeonUwVtFYs3XGWFvyB7FlicBXwLEFKKQwQ2xpO+4YuwGDir7CrmsT5bhCru4VhEAZQAwPonQ==",
      "dev": true,
      "requires": {
        "@types/bluebird": "3.5.20",
        "@types/continuation-local-storage": "3.2.1",
        "@types/lodash": "4.14.107",
        "@types/validator": "9.4.0"
      }
    },
    "@types/validator": {
      "version": "9.4.0",
      "resolved": "https://registry.npmjs.org/@types/validator/-/validator-9.4.0.tgz",
      "integrity": "sha512-SxPH9AKnmr9I2V4CnPgG9BEUEJ6wUUoEZt4hVcCKUM143qMHQgU8ewLQO5WKSjgQqVyTmVufmouY1z0cKaOFhQ==",
      "dev": true
    },
    "apollo-utilities": {
      "version": "1.0.11",
      "resolved": "https://registry.npmjs.org/apollo-utilities/-/apollo-utilities-1.0.11.tgz",
      "integrity": "sha512-SAjRTqcYVHwpct+bcwX3x3zGEQOkNzj3Ri7Iy+vFIozxS8xtdkQqPiML7S6EI9Q2IuimQ7gvuYFHY0HQK0O1AA=="
    },
    "core-js": {
      "version": "2.5.5",
      "resolved": "https://registry.npmjs.org/core-js/-/core-js-2.5.5.tgz",
      "integrity": "sha1-sU3ek2xkDAV5prUMq8wTLdYSfjs="
    },
    "encoding": {
      "version": "0.1.12",
      "resolved": "https://registry.npmjs.org/encoding/-/encoding-0.1.12.tgz",
      "integrity": "sha1-U4tm8+5izRq1HsMjgp0flIDHS+s=",
      "requires": {
        "iconv-lite": "0.4.21"
      }
    },
    "graphql-anywhere": {
      "version": "4.1.8",
      "resolved": "https://registry.npmjs.org/graphql-anywhere/-/graphql-anywhere-4.1.8.tgz",
      "integrity": "sha512-beHsTvul0izwSTA4Av0V5QNx5WKa4rsdiYZ8xBs08x7ya4+hpuXSMye4uztqIUqCBhI0BpvfTuGvXyPeYCNwgQ==",
      "requires": {
        "apollo-utilities": "1.0.11"
      }
    },
    "graphql-tag": {
      "version": "2.9.1",
      "resolved": "https://registry.npmjs.org/graphql-tag/-/graphql-tag-2.9.1.tgz",
      "integrity": "sha512-JBLpagu/Xbb8N6xU6hZvBeHjdvnWb/GJnA/rrnBy3iSl0bcy+pjT5N1HctAsWNmGoAgY1+ilwv6JJqu0Tk2hHQ=="
    },
    "iconv-lite": {
      "version": "0.4.21",
      "resolved": "https://registry.npmjs.org/iconv-lite/-/iconv-lite-0.4.21.tgz",
      "integrity": "sha512-En5V9za5mBt2oUA03WGD3TwDv0MKAruqsuxstbMUZaj9W9k/m1CV/9py3l0L5kw9Bln8fdHQmzHSYtvpvTLpKw==",
      "requires": {
        "safer-buffer": "2.1.2"
      }
    },
    "inflected": {
      "version": "2.0.4",
      "resolved": "https://registry.npmjs.org/inflected/-/inflected-2.0.4.tgz",
      "integrity": "sha512-HQPzFLTTUvwfeUH6RAGjD8cHS069mBqXG5n4qaxX7sJXBhVQrsGgF+0ZJGkSuN6a8pcUWB/GXStta11kKi/WvA=="
    },
    "is-stream": {
      "version": "1.1.0",
      "resolved": "https://registry.npmjs.org/is-stream/-/is-stream-1.1.0.tgz",
      "integrity": "sha1-EtSj3U5o4Lec6428hBc66A2RykQ="
    },
    "isomorphic-fetch": {
      "version": "2.2.1",
      "resolved": "https://registry.npmjs.org/isomorphic-fetch/-/isomorphic-fetch-2.2.1.tgz",
      "integrity": "sha1-YRrhrPFPXoH3KVB0coGf6XM1WKk=",
      "requires": {
        "node-fetch": "1.7.3",
        "whatwg-fetch": "2.0.4"
      }
    },
    "iterall": {
      "version": "1.2.2",
      "resolved": "https://registry.npmjs.org/iterall/-/iterall-1.2.2.tgz",
      "integrity": "sha512-yynBb1g+RFUPY64fTrFv7nsjRrENBQJaX2UL+2Szc9REFrSNm1rpSXHGzhmAy7a9uv3vlvgBlXnf9RqmPH1/DA=="
    },
    "md5-hex": {
      "version": "2.0.0",
      "resolved": "https://registry.npmjs.org/md5-hex/-/md5-hex-2.0.0.tgz",
      "integrity": "sha1-0FiOnxx0lUSS7NJKwKxs6ZfZLjM=",
      "requires": {
        "md5-o-matic": "0.1.1"
      }
    },
    "md5-o-matic": {
      "version": "0.1.1",
      "resolved": "https://registry.npmjs.org/md5-o-matic/-/md5-o-matic-0.1.1.tgz",
      "integrity": "sha1-givM1l4RfFFPqxdrJZRdVBAKA8M="
    },
    "node-fetch": {
      "version": "1.7.3",
      "resolved": "https://registry.npmjs.org/node-fetch/-/node-fetch-1.7.3.tgz",
      "integrity": "sha512-NhZ4CsKx7cYm2vSrBAr2PvFOe6sWDf0UYLRqA6svUYg7+/TSfVAu49jYC4BvQ4Sms9SZgdqGBgroqfDhJdTyKQ==",
      "requires": {
        "encoding": "0.1.12",
        "is-stream": "1.1.0"
      }
    },
    "oda-api-graphql": {
      "version": "0.4.41",
      "resolved": "https://registry.npmjs.org/oda-api-graphql/-/oda-api-graphql-0.4.41.tgz",
      "integrity": "sha512-UH/N8TlyEDKf4h5l5HJW4XzRAE79bRXn6g1MfjPQAR/8JLUApUpm1hjTckKClQXIoJOxbFD1Uzpu43uHV7Fy/g==",
      "requires": {
        "core-js": "2.5.5",
        "graphql-anywhere": "4.1.8",
        "graphql-tag": "2.9.1",
        "inflected": "2.0.4",
        "isomorphic-fetch": "2.2.1",
        "iterall": "1.2.2",
        "oda-isomorfic": "0.0.35"
      }
    },
    "oda-isomorfic": {
      "version": "0.0.35",
      "resolved": "https://registry.npmjs.org/oda-isomorfic/-/oda-isomorfic-0.0.35.tgz",
      "integrity": "sha512-8mOO4BhyvFaycNhjJOHvMvTyDZrsoQ8aw5FEDOMJ64XFRD5IrSMHqVBXPT9gu0ca1HuDN9QnVcxp1+qU70BRBw==",
      "requires": {
        "md5-hex": "2.0.0"
      }
    },
    "safer-buffer": {
      "version": "2.1.2",
      "resolved": "https://registry.npmjs.org/safer-buffer/-/safer-buffer-2.1.2.tgz",
      "integrity": "sha512-YZo3K82SD7Riyi0E1EQPojLz7kpepnSQI9IyPbHHg1XXXevb5dJI7tpyN2ADxGcQbHG7vcyRHk0cbwqcQriUtg=="
    },
    "typescript": {
      "version": "2.6.2",
      "resolved": "https://registry.npmjs.org/typescript/-/typescript-2.6.2.tgz",
      "integrity": "sha1-PFtv1/beCRQmkCfwPAlGdY92c6Q=",
      "dev": true
    },
    "whatwg-fetch": {
      "version": "2.0.4",
      "resolved": "https://registry.npmjs.org/whatwg-fetch/-/whatwg-fetch-2.0.4.tgz",
      "integrity": "sha512-dcQ1GWpOD/eEQ97k66aiEVpNnapVj90/+R+SXTPYGHpYBBypfKJEQjLrvMZ7YXbKm21gXd4NcuxUTjiv1YtLng=="
    }
  }
}
