# THIS IS AN AUTOGENERATED FILE. DO NOT EDIT THIS FILE DIRECTLY.
# yarn lockfile v1


"@types/bluebird@*":
  version "3.5.20"
  resolved "https://registry.yarnpkg.com/@types/bluebird/-/bluebird-3.5.20.tgz#f6363172add6f4eabb8cada53ca9af2781e8d6a1"

"@types/continuation-local-storage@*":
  version "3.2.1"
  resolved "https://registry.yarnpkg.com/@types/continuation-local-storage/-/continuation-local-storage-3.2.1.tgz#a33e0df9dce9b424d1c98fc4fdebd8578dceec7e"
  dependencies:
    "@types/node" "*"

"@types/graphql@0.12.4":
  version "0.12.4"
  resolved "https://registry.yarnpkg.com/@types/graphql/-/graphql-0.12.4.tgz#d43bb55d45c6de0178bbd11dd59d04fd42138d94"

"@types/lodash@*":
  version "4.14.107"
  resolved "https://registry.yarnpkg.com/@types/lodash/-/lodash-4.14.107.tgz#b2d2ae3958bfb8ff828495cbe12214af9e4d035e"

"@types/node@*":
  version "9.6.6"
  resolved "https://registry.yarnpkg.com/@types/node/-/node-9.6.6.tgz#439b91f9caf3983cad2eef1e11f6bedcbf9431d2"

"@types/node@^8.0.20":
  version "8.10.9"
  resolved "https://registry.yarnpkg.com/@types/node/-/node-8.10.9.tgz#b507a74a7d3eddc74a17dc35fd40d8f45dde0d6c"

"@types/sequelize@^4.27.14":
  version "4.27.14"
  resolved "https://registry.yarnpkg.com/@types/sequelize/-/sequelize-4.27.14.tgz#621dcc33db884e1fca368dc1b9fa7a60b38785d3"
  dependencies:
    "@types/bluebird" "*"
    "@types/continuation-local-storage" "*"
    "@types/lodash" "*"
    "@types/validator" "*"

"@types/validator@*":
  version "9.4.0"
  resolved "https://registry.yarnpkg.com/@types/validator/-/validator-9.4.0.tgz#a4a80a31d3e4e094806ec446557808423379858d"

apollo-utilities@^1.0.11:
  version "1.0.11"
  resolved "https://registry.yarnpkg.com/apollo-utilities/-/apollo-utilities-1.0.11.tgz#cd36bfa6e5c04eea2caf0c204a0f38a0ad550802"

core-js@^2.5.3:
  version "2.5.5"
  resolved "https://registry.yarnpkg.com/core-js/-/core-js-2.5.5.tgz#b14dde936c640c0579a6b50cabcc132dd6127e3b"

encoding@^0.1.11:
  version "0.1.12"
  resolved "https://registry.yarnpkg.com/encoding/-/encoding-0.1.12.tgz#538b66f3ee62cd1ab51ec323829d1f9480c74beb"
  dependencies:
    iconv-lite "~0.4.13"

graphql-anywhere@^4.1.5:
  version "4.1.8"
  resolved "https://registry.yarnpkg.com/graphql-anywhere/-/graphql-anywhere-4.1.8.tgz#23882e6a16ec824febbe5bca40937cdd76c5acdc"
  dependencies:
    apollo-utilities "^1.0.11"

graphql-tag@^2.8.0:
  version "2.9.1"
  resolved "https://registry.yarnpkg.com/graphql-tag/-/graphql-tag-2.9.1.tgz#1ab090ef7d3518b06d8c97d1393672145fe91587"

iconv-lite@~0.4.13:
  version "0.4.21"
  resolved "https://registry.yarnpkg.com/iconv-lite/-/iconv-lite-0.4.21.tgz#c47f8733d02171189ebc4a400f3218d348094798"
  dependencies:
    safer-buffer "^2.1.0"

inflected@^2.0.4:
  version "2.0.4"
  resolved "https://registry.yarnpkg.com/inflected/-/inflected-2.0.4.tgz#323770961ccbe992a98ea930512e9a82d3d3ef77"

is-stream@^1.0.1:
  version "1.1.0"
  resolved "https://registry.yarnpkg.com/is-stream/-/is-stream-1.1.0.tgz#12d4a3dd4e68e0b79ceb8dbc84173ae80d91ca44"

isomorphic-fetch@^2.2.1:
  version "2.2.1"
  resolved "https://registry.yarnpkg.com/isomorphic-fetch/-/isomorphic-fetch-2.2.1.tgz#611ae1acf14f5e81f729507472819fe9733558a9"
  dependencies:
    node-fetch "^1.0.1"
    whatwg-fetch ">=0.10.0"

iterall@^1.2.2:
  version "1.2.2"
  resolved "https://registry.yarnpkg.com/iterall/-/iterall-1.2.2.tgz#92d70deb8028e0c39ff3164fdbf4d8b088130cd7"

md5-hex@^2.0.0:
  version "2.0.0"
  resolved "https://registry.yarnpkg.com/md5-hex/-/md5-hex-2.0.0.tgz#d0588e9f1c74954492ecd24ac0ac6ce997d92e33"
  dependencies:
    md5-o-matic "^0.1.1"

md5-o-matic@^0.1.1:
  version "0.1.1"
  resolved "https://registry.yarnpkg.com/md5-o-matic/-/md5-o-matic-0.1.1.tgz#822bccd65e117c514fab176b25945d54100a03c3"

node-fetch@^1.0.1:
  version "1.7.3"
  resolved "https://registry.yarnpkg.com/node-fetch/-/node-fetch-1.7.3.tgz#980f6f72d85211a5347c6b2bc18c5b84c3eb47ef"
  dependencies:
    encoding "^0.1.11"
    is-stream "^1.0.1"

oda-api-graphql@^0.4.41:
  version "0.4.41"
  resolved "https://registry.yarnpkg.com/oda-api-graphql/-/oda-api-graphql-0.4.41.tgz#bb3d5b75b84cbf28a979ae8cda61c5aec6740274"
  dependencies:
    core-js "^2.5.3"
    graphql-anywhere "^4.1.5"
    graphql-tag "^2.8.0"
    inflected "^2.0.4"
    isomorphic-fetch "^2.2.1"
    iterall "^1.2.2"
    oda-isomorfic "^0.0.35"

oda-isomorfic@^0.0.35:
  version "0.0.35"
  resolved "https://registry.yarnpkg.com/oda-isomorfic/-/oda-isomorfic-0.0.35.tgz#9d46a48714cf710ccedbb492641bf6321265156e"
  dependencies:
    md5-hex "^2.0.0"

safer-buffer@^2.1.0:
  version "2.1.2"
  resolved "https://registry.yarnpkg.com/safer-buffer/-/safer-buffer-2.1.2.tgz#44fa161b0187b9549dd84bb91802f9bd8385cd6a"

typescript@~2.6.2:
  version "2.6.2"
  resolved "https://registry.yarnpkg.com/typescript/-/typescript-2.6.2.tgz#3c5b6fd7f6de0914269027f03c0946758f7673a4"

whatwg-fetch@>=0.10.0:
  version "2.0.4"
  resolved "https://registry.yarnpkg.com/whatwg-fetch/-/whatwg-fetch-2.0.4.tgz#dde6a5df315f9d39991aa17621853d720b85566f"
