# THIS IS AN AUTOGENERATED FILE. DO NOT EDIT THIS FILE DIRECTLY.
# yarn lockfile v1


apollo-utilities@^1.0.25:
  version "1.0.25"
  resolved "https://registry.yarnpkg.com/apollo-utilities/-/apollo-utilities-1.0.25.tgz#899b00f5f990fb451675adf84cb3de82eb6372ea"
  integrity sha512-AXvqkhni3Ir1ffm4SA1QzXn8k8I5BBl4PVKEyak734i4jFdp+xgfUyi2VCqF64TJlFTA/B73TRDUvO2D+tKtZg==
  dependencies:
    fast-json-stable-stringify "^2.0.0"

core-js@^2.5.3:
  version "2.5.7"
  resolved "https://registry.yarnpkg.com/core-js/-/core-js-2.5.7.tgz#f972608ff0cead68b841a16a932d0b183791814e"
  integrity sha512-RszJCAxg/PP6uzXVXL6BsxSXx/B05oJAQ2vkJRjyjrEcNVycaqOmNb5OTxZPE3xa5gwZduqza6L9JOCenh/Ecw==

encoding@^0.1.11:
  version "0.1.12"
  resolved "https://registry.yarnpkg.com/encoding/-/encoding-0.1.12.tgz#538b66f3ee62cd1ab51ec323829d1f9480c74beb"
  integrity sha1-U4tm8+5izRq1HsMjgp0flIDHS+s=
  dependencies:
    iconv-lite "~0.4.13"

fast-json-stable-stringify@^2.0.0:
  version "2.0.0"
  resolved "https://registry.yarnpkg.com/fast-json-stable-stringify/-/fast-json-stable-stringify-2.0.0.tgz#d5142c0caee6b1189f87d3a76111064f86c8bbf2"
  integrity sha1-1RQsDK7msRifh9OnYREGT4bIu/I=

graphql-anywhere@^4.1.14:
  version "4.1.22"
  resolved "https://registry.yarnpkg.com/graphql-anywhere/-/graphql-anywhere-4.1.22.tgz#1c831ba3c9e5664a0dd24d10d23a9e9512d92056"
  integrity sha512-qm2/1cKM8nfotxDhm4J0r1znVlK0Yge/yEKt26EVVBgpIhvxjXYFALCGbr7cvfDlvzal1iSPpaYa+8YTtjsxQA==
  dependencies:
    apollo-utilities "^1.0.25"

iconv-lite@~0.4.13:
  version "0.4.24"
  resolved "https://registry.yarnpkg.com/iconv-lite/-/iconv-lite-0.4.24.tgz#2022b4b25fbddc21d2f524974a474aafe733908b"
  integrity sha512-v3MXnZAcvnywkTUEZomIActle7RXXeedOR31wwl7VlyoXO4Qi9arvSenNQWne1TcRwhCL1HwLI21bEqdpj8/rA==
  dependencies:
    safer-buffer ">= 2.1.2 < 3"

inflected@^2.0.4:
  version "2.0.4"
  resolved "https://registry.yarnpkg.com/inflected/-/inflected-2.0.4.tgz#323770961ccbe992a98ea930512e9a82d3d3ef77"
  integrity sha512-HQPzFLTTUvwfeUH6RAGjD8cHS069mBqXG5n4qaxX7sJXBhVQrsGgF+0ZJGkSuN6a8pcUWB/GXStta11kKi/WvA==

is-stream@^1.0.1:
  version "1.1.0"
  resolved "https://registry.yarnpkg.com/is-stream/-/is-stream-1.1.0.tgz#12d4a3dd4e68e0b79ceb8dbc84173ae80d91ca44"
  integrity sha1-EtSj3U5o4Lec6428hBc66A2RykQ=

isomorphic-fetch@^2.2.1:
  version "2.2.1"
  resolved "https://registry.yarnpkg.com/isomorphic-fetch/-/isomorphic-fetch-2.2.1.tgz#611ae1acf14f5e81f729507472819fe9733558a9"
  integrity sha1-YRrhrPFPXoH3KVB0coGf6XM1WKk=
  dependencies:
    node-fetch "^1.0.1"
    whatwg-fetch ">=0.10.0"

iterall@^1.2.2:
  version "1.2.2"
  resolved "https://registry.yarnpkg.com/iterall/-/iterall-1.2.2.tgz#92d70deb8028e0c39ff3164fdbf4d8b088130cd7"
  integrity sha512-yynBb1g+RFUPY64fTrFv7nsjRrENBQJaX2UL+2Szc9REFrSNm1rpSXHGzhmAy7a9uv3vlvgBlXnf9RqmPH1/DA==

md5-hex@^2.0.0:
  version "2.0.0"
  resolved "https://registry.yarnpkg.com/md5-hex/-/md5-hex-2.0.0.tgz#d0588e9f1c74954492ecd24ac0ac6ce997d92e33"
  integrity sha1-0FiOnxx0lUSS7NJKwKxs6ZfZLjM=
  dependencies:
    md5-o-matic "^0.1.1"

md5-o-matic@^0.1.1:
  version "0.1.1"
  resolved "https://registry.yarnpkg.com/md5-o-matic/-/md5-o-matic-0.1.1.tgz#822bccd65e117c514fab176b25945d54100a03c3"
  integrity sha1-givM1l4RfFFPqxdrJZRdVBAKA8M=

node-fetch@^1.0.1:
  version "1.7.3"
  resolved "https://registry.yarnpkg.com/node-fetch/-/node-fetch-1.7.3.tgz#980f6f72d85211a5347c6b2bc18c5b84c3eb47ef"
  integrity sha512-NhZ4CsKx7cYm2vSrBAr2PvFOe6sWDf0UYLRqA6svUYg7+/TSfVAu49jYC4BvQ4Sms9SZgdqGBgroqfDhJdTyKQ==
  dependencies:
    encoding "^0.1.11"
    is-stream "^1.0.1"

"oda-isomorfic@file:../oda-isomorfic":
  version "1.0.0-20"
  dependencies:
    md5-hex "^2.0.0"

"safer-buffer@>= 2.1.2 < 3":
  version "2.1.2"
  resolved "https://registry.yarnpkg.com/safer-buffer/-/safer-buffer-2.1.2.tgz#44fa161b0187b9549dd84bb91802f9bd8385cd6a"
  integrity sha512-YZo3K82SD7Riyi0E1EQPojLz7kpepnSQI9IyPbHHg1XXXevb5dJI7tpyN2ADxGcQbHG7vcyRHk0cbwqcQriUtg==

typescript@^3.0.1:
  version "3.1.6"
  resolved "https://registry.yarnpkg.com/typescript/-/typescript-3.1.6.tgz#b6543a83cfc8c2befb3f4c8fba6896f5b0c9be68"
  integrity sha512-tDMYfVtvpb96msS1lDX9MEdHrW4yOuZ4Kdc4Him9oU796XldPYF/t2+uKoX0BBa0hXXwDlqYQbXY5Rzjzc5hBA==

whatwg-fetch@>=0.10.0:
  version "3.0.0"
  resolved "https://registry.yarnpkg.com/whatwg-fetch/-/whatwg-fetch-3.0.0.tgz#fc804e458cc460009b1a2b966bc8817d2578aefb"
  integrity sha512-9GSJUgz1D4MfyKU7KRqwOjXCXTqWdFNvEr7eUBYchQiVc744mqK/MzXPNR2WsPkmkOa4ywfg8C2n8h+13Bey1Q==
