{
  "name": "oda-ra-data-provider",
  "version": "1.0.0-15",
  "lockfileVersion": 1,
  "requires": true,
  "dependencies": {
    "comparator.js": {
      "version": "0.0.11",
      "resolved": "https://registry.npmjs.org/comparator.js/-/comparator.js-0.0.11.tgz",
      "integrity": "sha512-++Z40B9yhD2s1ycA74oG6uMldBPZjAmUQDdBRLvnxFZGdaJdCk4COmK+SMaBQTIAvD1V2XNPaMQI4J7WLC6R3A==",
      "requires": {
        "diff": "*"
      }
    },
    "diff": {
      "version": "3.5.0",
      "resolved": "https://registry.npmjs.org/diff/-/diff-3.5.0.tgz",
      "integrity": "sha512-A46qtFgd+g7pDZinpnwiRJtxbC1hpgf0uzP3iG89scHk0AUC7A1TGxf5OiiOUv/JMZR8GOt8hL900hV0bOy5xA=="
    },
    "oda-isomorfic": {
      "version": "file:../oda-isomorfic",
      "requires": {
        "md5-hex": "^2.0.0"
      },
      "dependencies": {
        "md5-hex": {
          "version": "2.0.0",
          "bundled": true,
          "requires": {
            "md5-o-matic": "^0.1.1"
          }
        },
        "md5-o-matic": {
          "version": "0.1.1",
          "bundled": true
        },
        "typescript": {
          "version": "3.0.1",
          "bundled": true
        }
      }
    },
    "oda-lodash": {
      "version": "file:../oda-lodash",
      "requires": {
        "apollo-server-core": "^1.3.6",
        "apollo-server-express": "^1.3.6",
        "graphql-anywhere": "^4.1.5",
        "oda-gen-common": "file:../oda-gen-common",
        "oda-isomorfic": "file:../oda-isomorfic"
      },
      "dependencies": {
        "apollo-cache-control": {
          "version": "0.1.1",
          "bundled": true,
          "requires": {
            "graphql-extensions": "^0.0.x"
          }
        },
        "apollo-server-core": {
          "version": "1.4.0",
          "bundled": true,
          "requires": {
            "apollo-cache-control": "^0.1.0",
            "apollo-tracing": "^0.1.0",
            "graphql-extensions": "^0.0.x"
          }
        },
        "apollo-server-express": {
          "version": "1.4.0",
          "bundled": true,
          "requires": {
            "apollo-server-core": "^1.4.0",
            "apollo-server-module-graphiql": "^1.4.0"
          }
        },
        "apollo-server-module-graphiql": {
          "version": "1.4.0",
          "bundled": true
        },
        "apollo-tracing": {
          "version": "0.1.4",
          "bundled": true,
          "requires": {
            "graphql-extensions": "~0.0.9"
          }
        },
        "apollo-utilities": {
          "version": "1.0.19",
          "bundled": true,
          "requires": {
            "fast-json-stable-stringify": "^2.0.0"
          }
        },
        "buffer-from": {
          "version": "1.1.1",
          "bundled": true
        },
        "core-js": {
          "version": "2.5.7",
          "bundled": true
        },
        "fast-json-stable-stringify": {
          "version": "2.0.0",
          "bundled": true
        },
        "graphql-anywhere": {
          "version": "4.1.17",
          "bundled": true,
          "requires": {
            "apollo-utilities": "^1.0.19"
          }
        },
        "graphql-extensions": {
          "version": "0.0.10",
          "bundled": true,
          "requires": {
            "core-js": "^2.5.3",
            "source-map-support": "^0.5.1"
          }
        },
        "oda-gen-common": {
          "version": "file:../oda-gen-common",
          "bundled": true,
          "requires": {
            "immutable": "^4.0.0-rc.9",
            "invariant": "^2.2.2",
            "oda-isomorfic": "file:../oda-isomorfic",
            "warning": "^3.0.0"
          },
          "dependencies": {
            "immutable": {
              "version": "4.0.0-rc.9",
              "bundled": true
            },
            "invariant": {
              "version": "2.2.4",
              "bundled": true,
              "requires": {
                "loose-envify": "^1.0.0"
              }
            },
            "js-tokens": {
              "version": "4.0.0",
              "bundled": true
            },
            "loose-envify": {
              "version": "1.4.0",
              "bundled": true,
              "requires": {
                "js-tokens": "^3.0.0 || ^4.0.0"
              }
            },
            "oda-isomorfic": {
              "version": "file:../oda-isomorfic",
              "bundled": true,
              "requires": {
                "md5-hex": "^2.0.0"
              },
              "dependencies": {
                "md5-hex": {
                  "version": "2.0.0",
                  "bundled": true,
                  "requires": {
                    "md5-o-matic": "^0.1.1"
                  }
                },
                "md5-o-matic": {
                  "version": "0.1.1",
                  "bundled": true
                },
                "typescript": {
                  "version": "3.0.1",
                  "bundled": true
                }
              }
            },
            "typescript": {
              "version": "3.0.1",
              "bundled": true
            },
            "warning": {
              "version": "3.0.0",
              "bundled": true,
              "requires": {
                "loose-envify": "^1.0.0"
              }
            }
          }
        },
        "oda-isomorfic": {
          "version": "file:../oda-isomorfic",
          "bundled": true,
          "requires": {
            "md5-hex": "^2.0.0"
          },
          "dependencies": {
            "md5-hex": {
              "version": "2.0.0",
              "bundled": true,
              "requires": {
                "md5-o-matic": "^0.1.1"
              }
            },
            "md5-o-matic": {
              "version": "0.1.1",
              "bundled": true
            },
            "typescript": {
              "version": "3.0.1",
              "bundled": true
            }
          }
        },
        "source-map": {
          "version": "0.6.1",
          "bundled": true
        },
        "source-map-support": {
          "version": "0.5.9",
          "bundled": true,
          "requires": {
            "buffer-from": "^1.0.0",
            "source-map": "^0.6.0"
          }
        },
        "typescript": {
          "version": "3.0.1",
          "bundled": true
        }
      }
    },
    "typescript": {
      "version": "3.0.1",
      "resolved": "https://registry.npmjs.org/typescript/-/typescript-3.0.1.tgz",
      "integrity": "sha512-zQIMOmC+372pC/CCVLqnQ0zSBiY7HHodU7mpQdjiZddek4GMj31I3dUJ7gAs9o65X7mnRma6OokOkc6f9jjfBg==",
      "dev": true
    }
  }
}
