{
	"requires": true,
	"lockfileVersion": 1,
	"dependencies": {
		"@types/graphql": {
			"version": "0.12.4",
			"resolved": "https://registry.npmjs.org/@types/graphql/-/graphql-0.12.4.tgz",
			"integrity": "sha512-zICCZ+LEeqAx/mJ2gmMChlIHiUHhsMfy050DXQ5tSR8+GS4Os0Q0vjK9KT3HVV6bXrV60t02e/3dOmnHUcibYw=="
		},
		"@types/node": {
			"version": "8.9.5",
			"resolved": "https://registry.npmjs.org/@types/node/-/node-8.9.5.tgz",
			"integrity": "sha512-jRHfWsvyMtXdbhnz5CVHxaBgnV6duZnPlQuRSo/dm/GnmikNcmZhxIES4E9OZjUmQ8C+HCl4KJux+cXN/ErGDQ=="
		},
		"md5-hex": {
			"version": "2.0.0",
			"resolved": "https://registry.npmjs.org/md5-hex/-/md5-hex-2.0.0.tgz",
			"integrity": "sha1-0FiOnxx0lUSS7NJKwKxs6ZfZLjM=",
			"requires": {
				"md5-o-matic": "0.1.1"
			}
		},
		"md5-o-matic": {
			"version": "0.1.1",
			"resolved": "https://registry.npmjs.org/md5-o-matic/-/md5-o-matic-0.1.1.tgz",
			"integrity": "sha1-givM1l4RfFFPqxdrJZRdVBAKA8M="
		},
		"typescript": {
			"version": "2.7.2",
			"resolved": "https://registry.npmjs.org/typescript/-/typescript-2.7.2.tgz",
			"integrity": "sha512-p5TCYZDAO0m4G344hD+wx/LATebLWZNkkh2asWUFqSsD2OrDNhbAHuSjobrmsUmdzjJjEeZVU9g1h3O6vpstnw=="
		}
	}
}
