# THIS IS AN AUTOGENERATED FILE. DO NOT EDIT THIS FILE DIRECTLY.
# yarn lockfile v1


md5-hex@^2.0.0:
  version "2.0.0"
  resolved "https://registry.yarnpkg.com/md5-hex/-/md5-hex-2.0.0.tgz#d0588e9f1c74954492ecd24ac0ac6ce997d92e33"
  integrity sha1-0FiOnxx0lUSS7NJKwKxs6ZfZLjM=
  dependencies:
    md5-o-matic "^0.1.1"

md5-o-matic@^0.1.1:
  version "0.1.1"
  resolved "https://registry.yarnpkg.com/md5-o-matic/-/md5-o-matic-0.1.1.tgz#822bccd65e117c514fab176b25945d54100a03c3"
  integrity sha1-givM1l4RfFFPqxdrJZRdVBAKA8M=
