{
  "name": "oda-model-next",
  "version": "1.0.0-16",
  "lockfileVersion": 1,
  "requires": true,
  "dependencies": {
    "camelcase": {
      "version": "5.0.0",
      "resolved": "https://registry.npmjs.org/camelcase/-/camelcase-5.0.0.tgz",
      "integrity": "sha512-faqwZqnWxbxn+F1d399ygeamQNy3lPp/H9H6rNrqYh4FSVCtcY+3cub1MxA8o9mDd55mM8Aghuu/kuyYA6VTsA=="
    },
    "case": {
      "version": "1.5.5",
      "resolved": "https://registry.npmjs.org/case/-/case-1.5.5.tgz",
      "integrity": "sha512-tQm8bxc8L9Dk/6FGhtBtV89rrRzqytUbdLqGZxmGwYKqeAD0VmLc8kYSqm0GXOTsf9r1tc0bzq+CDLqtrjiuHw=="
    },
    "decamelize": {
      "version": "2.0.0",
      "resolved": "https://registry.npmjs.org/decamelize/-/decamelize-2.0.0.tgz",
      "integrity": "sha512-Ikpp5scV3MSYxY39ymh45ZLEecsTdv/Xj2CaQfI8RLMuwi7XvjX9H/fhraiSuU+C5w5NTDu4ZU72xNiZnurBPg==",
      "requires": {
        "xregexp": "4.0.0"
      }
    },
    "dom-walk": {
      "version": "0.1.1",
      "resolved": "https://registry.npmjs.org/dom-walk/-/dom-walk-0.1.1.tgz",
      "integrity": "sha1-ZyIm3HTI95mtNTB9+TaroRrNYBg="
    },
    "fn-name": {
      "version": "1.0.1",
      "resolved": "https://registry.npmjs.org/fn-name/-/fn-name-1.0.1.tgz",
      "integrity": "sha1-3o2KFTiLM8vyFFeCFx9zdwxgMPA="
    },
    "global": {
      "version": "4.3.2",
      "resolved": "https://registry.npmjs.org/global/-/global-4.3.2.tgz",
      "integrity": "sha1-52mJJopsdMOJCLEwWxD8DjlOnQ8=",
      "requires": {
        "min-document": "^2.19.0",
        "process": "~0.5.1"
      }
    },
    "immutable": {
      "version": "4.0.0-rc.9",
      "resolved": "https://registry.npmjs.org/immutable/-/immutable-4.0.0-rc.9.tgz",
      "integrity": "sha512-uw4u9Jy3G2Y1qkIFtEGy9NgJxFJT1l3HKgeSFHfrvy91T8W54cJoQ+qK3fTwhil8XkEHuc2S+MI+fbD0vKObDA=="
    },
    "inflected": {
      "version": "2.0.4",
      "resolved": "https://registry.npmjs.org/inflected/-/inflected-2.0.4.tgz",
      "integrity": "sha512-HQPzFLTTUvwfeUH6RAGjD8cHS069mBqXG5n4qaxX7sJXBhVQrsGgF+0ZJGkSuN6a8pcUWB/GXStta11kKi/WvA=="
    },
    "lodash": {
      "version": "4.17.10",
      "resolved": "https://registry.npmjs.org/lodash/-/lodash-4.17.10.tgz",
      "integrity": "sha512-UejweD1pDoXu+AD825lWwp4ZGtSwgnpZxb3JDViD7StjQz+Nb/6l093lx4OQ0foGWNRoc19mWy7BzL+UAK2iVg=="
    },
    "min-document": {
      "version": "2.19.0",
      "resolved": "https://registry.npmjs.org/min-document/-/min-document-2.19.0.tgz",
      "integrity": "sha1-e9KC4/WELtKVu3SM3Z8f+iyCRoU=",
      "requires": {
        "dom-walk": "^0.1.0"
      }
    },
    "oda-isomorfic": {
      "version": "file:../oda-isomorfic",
      "requires": {
        "md5-hex": "^2.0.0"
      },
      "dependencies": {
        "md5-hex": {
          "version": "2.0.0",
          "bundled": true,
          "requires": {
            "md5-o-matic": "^0.1.1"
          }
        },
        "md5-o-matic": {
          "version": "0.1.1",
          "bundled": true
        },
        "typescript": {
          "version": "3.0.3",
          "bundled": true
        }
      }
    },
    "process": {
      "version": "0.5.2",
      "resolved": "https://registry.npmjs.org/process/-/process-0.5.2.tgz",
      "integrity": "sha1-FjjYqONML0QKkduVq5rrZ3/Bhc8="
    },
    "property-expr": {
      "version": "1.5.1",
      "resolved": "https://registry.npmjs.org/property-expr/-/property-expr-1.5.1.tgz",
      "integrity": "sha512-CGuc0VUTGthpJXL36ydB6jnbyOf/rAHFvmVrJlH+Rg0DqqLFQGAP6hIaxD/G0OAmBJPhXDHuEJigrp0e0wFV6g=="
    },
    "synchronous-promise": {
      "version": "1.0.18",
      "resolved": "https://registry.npmjs.org/synchronous-promise/-/synchronous-promise-1.0.18.tgz",
      "integrity": "sha512-UqMAK6BBBXu8qaDI5omlyV9iDpM9nQfgthaBOK0nlfXnMgiuOBv+meWG73CGeCCFRhOOOa2e4rvqYzfynzy5zg=="
    },
    "toposort": {
      "version": "0.2.12",
      "resolved": "https://registry.npmjs.org/toposort/-/toposort-0.2.12.tgz",
      "integrity": "sha1-x9KYTz1IwhcxXMMtdwiIt3lJHoE="
    },
    "type-name": {
      "version": "2.0.2",
      "resolved": "https://registry.npmjs.org/type-name/-/type-name-2.0.2.tgz",
      "integrity": "sha1-7+fUEj2KxSr/9/QMfk3sUmYAj7Q="
    },
    "typescript": {
      "version": "3.0.3",
      "resolved": "https://registry.npmjs.org/typescript/-/typescript-3.0.3.tgz",
      "integrity": "sha512-kk80vLW9iGtjMnIv11qyxLqZm20UklzuR2tL0QAnDIygIUIemcZMxlMWudl9OOt76H3ntVzcTiddQ1/pAAJMYg==",
      "dev": true
    },
    "xregexp": {
      "version": "4.0.0",
      "resolved": "https://registry.npmjs.org/xregexp/-/xregexp-4.0.0.tgz",
      "integrity": "sha512-PHyM+sQouu7xspQQwELlGwwd05mXUFqwFYfqPO0cC7x4fxyHnnuetmQr6CjJiafIDoH4MogHb9dOoJzR/Y4rFg=="
    },
    "yup": {
      "version": "0.24.1",
      "resolved": "https://registry.npmjs.org/yup/-/yup-0.24.1.tgz",
      "integrity": "sha512-nTs4l4cPd4BcYueB/CKnWjbT6tuMv5nG3Ujes8jOugMYUb+UliZ3jC+LE26yQi6qV/XzbXyJCyRiMtIzsgw42Q==",
      "requires": {
        "case": "^1.2.1",
        "fn-name": "~1.0.1",
        "lodash": "^4.17.0",
        "property-expr": "^1.2.0",
        "synchronous-promise": "^1.0.18",
        "toposort": "^0.2.10",
        "type-name": "^2.0.1"
      }
    }
  }
}
