# THIS IS AN AUTOGENERATED FILE. DO NOT EDIT THIS FILE DIRECTLY.
# yarn lockfile v1


camelcase@^5.0.0:
  version "5.0.0"
  resolved "https://registry.yarnpkg.com/camelcase/-/camelcase-5.0.0.tgz#03295527d58bd3cd4aa75363f35b2e8d97be2f42"
  integrity sha512-faqwZqnWxbxn+F1d399ygeamQNy3lPp/H9H6rNrqYh4FSVCtcY+3cub1MxA8o9mDd55mM8Aghuu/kuyYA6VTsA==

case@^1.2.1:
  version "1.6.0"
  resolved "https://registry.yarnpkg.com/case/-/case-1.6.0.tgz#d4f276c7f67b7a705afd3a39c9af9538f5f58364"
  integrity sha512-IbFqJm+iSedo4UW/DXORapxBEzl0YYSJEYLzkAoIfemiPmfFrerJ/N5zQKnfORmkkKlWmfkqd9rJKyF9AeYRQw==

decamelize@^2.0.0:
  version "2.0.0"
  resolved "https://registry.yarnpkg.com/decamelize/-/decamelize-2.0.0.tgz#656d7bbc8094c4c788ea53c5840908c9c7d063c7"
  integrity sha512-Ikpp5scV3MSYxY39ymh45ZLEecsTdv/Xj2CaQfI8RLMuwi7XvjX9H/fhraiSuU+C5w5NTDu4ZU72xNiZnurBPg==
  dependencies:
    xregexp "4.0.0"

dom-walk@^0.1.0:
  version "0.1.1"
  resolved "https://registry.yarnpkg.com/dom-walk/-/dom-walk-0.1.1.tgz#672226dc74c8f799ad35307df936aba11acd6018"
  integrity sha1-ZyIm3HTI95mtNTB9+TaroRrNYBg=

fn-name@~1.0.1:
  version "1.0.1"
  resolved "https://registry.yarnpkg.com/fn-name/-/fn-name-1.0.1.tgz#de8d8a15388b33cbf2145782171f73770c6030f0"
  integrity sha1-3o2KFTiLM8vyFFeCFx9zdwxgMPA=

global@^4.3.2:
  version "4.3.2"
  resolved "https://registry.yarnpkg.com/global/-/global-4.3.2.tgz#e76989268a6c74c38908b1305b10fc0e394e9d0f"
  integrity sha1-52mJJopsdMOJCLEwWxD8DjlOnQ8=
  dependencies:
    min-document "^2.19.0"
    process "~0.5.1"

immutable@^4.0.0-rc.9:
  version "4.0.0-rc.12"
  resolved "https://registry.yarnpkg.com/immutable/-/immutable-4.0.0-rc.12.tgz#ca59a7e4c19ae8d9bf74a97bdf0f6e2f2a5d0217"
  integrity sha512-0M2XxkZLx/mi3t8NVwIm1g8nHoEmM9p9UBl/G9k4+hm0kBgOVdMV/B3CY5dQ8qG8qc80NN4gDV4HQv6FTJ5q7A==

inflected@^2.0.4:
  version "2.0.4"
  resolved "https://registry.yarnpkg.com/inflected/-/inflected-2.0.4.tgz#323770961ccbe992a98ea930512e9a82d3d3ef77"
  integrity sha512-HQPzFLTTUvwfeUH6RAGjD8cHS069mBqXG5n4qaxX7sJXBhVQrsGgF+0ZJGkSuN6a8pcUWB/GXStta11kKi/WvA==

lodash@^4.17.0:
  version "4.17.11"
  resolved "https://registry.yarnpkg.com/lodash/-/lodash-4.17.11.tgz#b39ea6229ef607ecd89e2c8df12536891cac9b8d"
  integrity sha512-cQKh8igo5QUhZ7lg38DYWAxMvjSAKG0A8wGSVimP07SIUEK2UO+arSRKbRZWtelMtN5V0Hkwh5ryOto/SshYIg==

md5-hex@^2.0.0:
  version "2.0.0"
  resolved "https://registry.yarnpkg.com/md5-hex/-/md5-hex-2.0.0.tgz#d0588e9f1c74954492ecd24ac0ac6ce997d92e33"
  integrity sha1-0FiOnxx0lUSS7NJKwKxs6ZfZLjM=
  dependencies:
    md5-o-matic "^0.1.1"

md5-o-matic@^0.1.1:
  version "0.1.1"
  resolved "https://registry.yarnpkg.com/md5-o-matic/-/md5-o-matic-0.1.1.tgz#822bccd65e117c514fab176b25945d54100a03c3"
  integrity sha1-givM1l4RfFFPqxdrJZRdVBAKA8M=

min-document@^2.19.0:
  version "2.19.0"
  resolved "https://registry.yarnpkg.com/min-document/-/min-document-2.19.0.tgz#7bd282e3f5842ed295bb748cdd9f1ffa2c824685"
  integrity sha1-e9KC4/WELtKVu3SM3Z8f+iyCRoU=
  dependencies:
    dom-walk "^0.1.0"

"oda-isomorfic@file:../oda-isomorfic":
  version "1.0.0-20"
  dependencies:
    md5-hex "^2.0.0"

process@~0.5.1:
  version "0.5.2"
  resolved "https://registry.yarnpkg.com/process/-/process-0.5.2.tgz#1638d8a8e34c2f440a91db95ab9aeb677fc185cf"
  integrity sha1-FjjYqONML0QKkduVq5rrZ3/Bhc8=

property-expr@^1.2.0:
  version "1.5.1"
  resolved "https://registry.yarnpkg.com/property-expr/-/property-expr-1.5.1.tgz#22e8706894a0c8e28d58735804f6ba3a3673314f"
  integrity sha512-CGuc0VUTGthpJXL36ydB6jnbyOf/rAHFvmVrJlH+Rg0DqqLFQGAP6hIaxD/G0OAmBJPhXDHuEJigrp0e0wFV6g==

synchronous-promise@^1.0.18:
  version "1.0.18"
  resolved "https://registry.yarnpkg.com/synchronous-promise/-/synchronous-promise-1.0.18.tgz#936e8763e6554088cdcf78dc64f7473b972fcefc"
  integrity sha512-UqMAK6BBBXu8qaDI5omlyV9iDpM9nQfgthaBOK0nlfXnMgiuOBv+meWG73CGeCCFRhOOOa2e4rvqYzfynzy5zg==

toposort@^0.2.10:
  version "0.2.12"
  resolved "https://registry.yarnpkg.com/toposort/-/toposort-0.2.12.tgz#c7d2984f3d48c217315cc32d770888b779491e81"
  integrity sha1-x9KYTz1IwhcxXMMtdwiIt3lJHoE=

type-name@^2.0.1:
  version "2.0.2"
  resolved "https://registry.yarnpkg.com/type-name/-/type-name-2.0.2.tgz#efe7d4123d8ac52afff7f40c7e4dec5266008fb4"
  integrity sha1-7+fUEj2KxSr/9/QMfk3sUmYAj7Q=

typescript@^3.0.1:
  version "3.1.6"
  resolved "https://registry.yarnpkg.com/typescript/-/typescript-3.1.6.tgz#b6543a83cfc8c2befb3f4c8fba6896f5b0c9be68"
  integrity sha512-tDMYfVtvpb96msS1lDX9MEdHrW4yOuZ4Kdc4Him9oU796XldPYF/t2+uKoX0BBa0hXXwDlqYQbXY5Rzjzc5hBA==

xregexp@4.0.0:
  version "4.0.0"
  resolved "https://registry.yarnpkg.com/xregexp/-/xregexp-4.0.0.tgz#e698189de49dd2a18cc5687b05e17c8e43943020"
  integrity sha512-PHyM+sQouu7xspQQwELlGwwd05mXUFqwFYfqPO0cC7x4fxyHnnuetmQr6CjJiafIDoH4MogHb9dOoJzR/Y4rFg==

yup@^0.24.1:
  version "0.24.1"
  resolved "https://registry.yarnpkg.com/yup/-/yup-0.24.1.tgz#2c8a81b5f929ef29aaf77a8b7c9acfa52ab6a7d1"
  integrity sha512-nTs4l4cPd4BcYueB/CKnWjbT6tuMv5nG3Ujes8jOugMYUb+UliZ3jC+LE26yQi6qV/XzbXyJCyRiMtIzsgw42Q==
  dependencies:
    case "^1.2.1"
    fn-name "~1.0.1"
    lodash "^4.17.0"
    property-expr "^1.2.0"
    synchronous-promise "^1.0.18"
    toposort "^0.2.10"
    type-name "^2.0.1"
